
Microsoft Visual Studio Solution File, Format Version 12.00
# Visual Studio Version 17
VisualStudioVersion = 17.9.34511.98
MinimumVisualStudioVersion = 10.0.40219.1
Project("{9A19103F-16F7-4668-BE54-9A1E7A4F7556}") = "Dao_Quang_Nguyen_Assignment1", "Assignment1\Dao_Quang_Nguyen_Assignment1.csproj", "{5465FF88-6F45-4A7E-9995-5A1534B9226E}"
EndProject
Global
	GlobalSection(SolutionConfigurationPlatforms) = preSolution
		Debug|Any CPU = Debug|Any CPU
		Release|Any CPU = Release|Any CPU
	EndGlobalSection
	GlobalSection(ProjectConfigurationPlatforms) = postSolution
		{5465FF88-6F45-4A7E-9995-5A1534B9226E}.Debug|Any CPU.ActiveCfg = Debug|Any CPU
		{5465FF88-6F45-4A7E-9995-5A1534B9226E}.Debug|Any CPU.Build.0 = Debug|Any CPU
		{5465FF88-6F45-4A7E-9995-5A1534B9226E}.Release|Any CPU.ActiveCfg = Release|Any CPU
		{5465FF88-6F45-4A7E-9995-5A1534B9226E}.Release|Any CPU.Build.0 = Release|Any CPU
	EndGlobalSection
	GlobalSection(SolutionProperties) = preSolution
		HideSolutionNode = FALSE
	EndGlobalSection
	GlobalSection(ExtensibilityGlobals) = postSolution
		SolutionGuid = {85026B1B-32CD-4202-801B-45EA46ABD69A}
	EndGlobalSection
EndGlobal
